# This file is generated by running "yarn install" inside your project.
# Manual changes might be lost - proceed with caution!

__metadata:
  version: 8
  cacheKey: 10

"@hexancore/common-benchmark@workspace:.":
  version: 0.0.0-use.local
  resolution: "@hexancore/common-benchmark@workspace:."
  dependencies:
    tinybench: "npm:^2.9.0"
    zod: "npm:^3.23.8"
  languageName: unknown
  linkType: soft

"tinybench@npm:^2.9.0":
  version: 2.9.0
  resolution: "tinybench@npm:2.9.0"
  checksum: cfa1e1418e91289219501703c4693c70708c91ffb7f040fd318d24aef419fb5a43e0c0160df9471499191968b2451d8da7f8087b08c3133c251c40d24aced06c
  languageName: node
  linkType: hard

"zod@npm:^3.23.8":
  version: 3.23.8
  resolution: "zod@npm:3.23.8"
  checksum: 846fd73e1af0def79c19d510ea9e4a795544a67d5b34b7e1c4d0425bf6bfd1c719446d94cdfa1721c1987d891321d61f779e8236fde517dc0e524aa851a6eff1
  languageName: node
  linkType: hard
